
Microsoft Visual Studio Solution File, Format Version 12.00
# Visual Studio Version 17
VisualStudioVersion = 17.3.32825.248
MinimumVisualStudioVersion = 10.0.40219.1
Project("{FAE04EC0-301F-11D3-BF4B-00C04F79EFBC}") = "Week8EpicGame", "Week8EpicGame\Week8EpicGame.csproj", "{8A35E13B-A7B2-4C93-A82F-C6F795BDAFCA}"
EndProject
Global
	GlobalSection(SolutionConfigurationPlatforms) = preSolution
		Debug|Any CPU = Debug|Any CPU
		Release|Any CPU = Release|Any CPU
	EndGlobalSection
	GlobalSection(ProjectConfigurationPlatforms) = postSolution
		{8A35E13B-A7B2-4C93-A82F-C6F795BDAFCA}.Debug|Any CPU.ActiveCfg = Debug|Any CPU
		{8A35E13B-A7B2-4C93-A82F-C6F795BDAFCA}.Debug|Any CPU.Build.0 = Debug|Any CPU
		{8A35E13B-A7B2-4C93-A82F-C6F795BDAFCA}.Release|Any CPU.ActiveCfg = Release|Any CPU
		{8A35E13B-A7B2-4C93-A82F-C6F795BDAFCA}.Release|Any CPU.Build.0 = Release|Any CPU
	EndGlobalSection
	GlobalSection(SolutionProperties) = preSolution
		HideSolutionNode = FALSE
	EndGlobalSection
	GlobalSection(ExtensibilityGlobals) = postSolution
		SolutionGuid = {B8B651BE-7D6B-4BC4-850F-36CA4FCEE155}
	EndGlobalSection
EndGlobal
